
Microsoft Visual Studio Solution File, Format Version 12.00
# Visual Studio 15
VisualStudioVersion = 15.0.26403.7
MinimumVisualStudioVersion = 10.0.40219.1
Project("{FAE04EC0-301F-11D3-BF4B-00C04F79EFBC}") = "Sync", "Sync\Sync.csproj", "{CF5FC279-EEB7-464F-9912-570090D18E72}"
EndProject
Project("{FAE04EC0-301F-11D3-BF4B-00C04F79EFBC}") = "NoSync", "NoSync\NoSync.csproj", "{8241B3F4-B30C-4424-9129-BF634E20D13D}"
EndProject
Global
	GlobalSection(SolutionConfigurationPlatforms) = preSolution
		Debug|Any CPU = Debug|Any CPU
		Release|Any CPU = Release|Any CPU
	EndGlobalSection
	GlobalSection(ProjectConfigurationPlatforms) = postSolution
		{CF5FC279-EEB7-464F-9912-570090D18E72}.Debug|Any CPU.ActiveCfg = Debug|Any CPU
		{CF5FC279-EEB7-464F-9912-570090D18E72}.Debug|Any CPU.Build.0 = Debug|Any CPU
		{CF5FC279-EEB7-464F-9912-570090D18E72}.Release|Any CPU.ActiveCfg = Release|Any CPU
		{CF5FC279-EEB7-464F-9912-570090D18E72}.Release|Any CPU.Build.0 = Release|Any CPU
		{8241B3F4-B30C-4424-9129-BF634E20D13D}.Debug|Any CPU.ActiveCfg = Debug|Any CPU
		{8241B3F4-B30C-4424-9129-BF634E20D13D}.Debug|Any CPU.Build.0 = Debug|Any CPU
		{8241B3F4-B30C-4424-9129-BF634E20D13D}.Release|Any CPU.ActiveCfg = Release|Any CPU
		{8241B3F4-B30C-4424-9129-BF634E20D13D}.Release|Any CPU.Build.0 = Release|Any CPU
	EndGlobalSection
	GlobalSection(SolutionProperties) = preSolution
		HideSolutionNode = FALSE
	EndGlobalSection
EndGlobal
